
Microsoft Visual Studio Solution File, Format Version 12.00
# Visual Studio Version 17
VisualStudioVersion = 17.7.34031.279
MinimumVisualStudioVersion = 10.0.40219.1
Project("{FAE04EC0-301F-11D3-BF4B-00C04F79EFBC}") = "AlpineSkiHouse", "AlpineSkiHouse\AlpineSkiHouse.csproj", "{B32D25C9-0E0C-498C-AD4C-08054D1F7C4F}"
EndProject
Global
	GlobalSection(SolutionConfigurationPlatforms) = preSolution
		Debug|Any CPU = Debug|Any CPU
		Release|Any CPU = Release|Any CPU
	EndGlobalSection
	GlobalSection(ProjectConfigurationPlatforms) = postSolution
		{B32D25C9-0E0C-498C-AD4C-08054D1F7C4F}.Debug|Any CPU.ActiveCfg = Debug|Any CPU
		{B32D25C9-0E0C-498C-AD4C-08054D1F7C4F}.Debug|Any CPU.Build.0 = Debug|Any CPU
		{B32D25C9-0E0C-498C-AD4C-08054D1F7C4F}.Release|Any CPU.ActiveCfg = Release|Any CPU
		{B32D25C9-0E0C-498C-AD4C-08054D1F7C4F}.Release|Any CPU.Build.0 = Release|Any CPU
	EndGlobalSection
	GlobalSection(SolutionProperties) = preSolution
		HideSolutionNode = FALSE
	EndGlobalSection
	GlobalSection(ExtensibilityGlobals) = postSolution
		SolutionGuid = {2C5BC293-B860-4EAA-AD1B-4BF62D5FC67F}
	EndGlobalSection
EndGlobal
